// !$*UTF8*$!
{
	archiveVersion = 1;
	classes = {
	};
	objectVersion = 77;
	objects = {

/* Begin PBXBuildFile section */
		BFA783BD2CC0D9DE005D4C14 /* WidgetKit.framework in Frameworks */ = {isa = PBXBuildFile; fileRef = BFA783BC2CC0D9DE005D4C14 /* WidgetKit.framework */; };
		BFA783BF2CC0D9DE005D4C14 /* SwiftUI.framework in Frameworks */ = {isa = PBXBuildFile; fileRef = BFA783BE2CC0D9DE005D4C14 /* SwiftUI.framework */; };
		BFA783CC2CC0D9E1005D4C14 /* LocketWidgetExtension.appex in Embed Foundation Extensions */ = {isa = PBXBuildFile; fileRef = BFA783BA2CC0D9DE005D4C14 /* LocketWidgetExtension.appex */; settings = {ATTRIBUTES = (RemoveHeadersOnCopy, ); }; };
/* End PBXBuildFile section */

/* Begin PBXContainerItemProxy section */
		BFA7839A2CC0D94D005D4C14 /* PBXContainerItemProxy */ = {
			isa = PBXContainerItemProxy;
			containerPortal = BFA7837F2CC0D949005D4C14 /* Project object */;
			proxyType = 1;
			remoteGlobalIDString = BFA783862CC0D94A005D4C14;
			remoteInfo = Locket;
		};
		BFA783A42CC0D94D005D4C14 /* PBXContainerItemProxy */ = {
			isa = PBXContainerItemProxy;
			containerPortal = BFA7837F2CC0D949005D4C14 /* Project object */;
			proxyType = 1;
			remoteGlobalIDString = BFA783862CC0D94A005D4C14;
			remoteInfo = Locket;
		};
		BFA783CA2CC0D9E1005D4C14 /* PBXContainerItemProxy */ = {
			isa = PBXContainerItemProxy;
			containerPortal = BFA7837F2CC0D949005D4C14 /* Project object */;
			proxyType = 1;
			remoteGlobalIDString = BFA783B92CC0D9DE005D4C14;
			remoteInfo = LocketWidgetExtension;
		};
/* End PBXContainerItemProxy section */

/* Begin PBXCopyFilesBuildPhase section */
		BFA783D12CC0D9E1005D4C14 /* Embed Foundation Extensions */ = {
			isa = PBXCopyFilesBuildPhase;
			buildActionMask = 2147483647;
			dstPath = "";
			dstSubfolderSpec = 13;
			files = (
				BFA783CC2CC0D9E1005D4C14 /* LocketWidgetExtension.appex in Embed Foundation Extensions */,
			);
			name = "Embed Foundation Extensions";
			runOnlyForDeploymentPostprocessing = 0;
		};
/* End PBXCopyFilesBuildPhase section */

/* Begin PBXFileReference section */
		BFA783872CC0D94A005D4C14 /* Locket.app */ = {isa = PBXFileReference; explicitFileType = wrapper.application; includeInIndex = 0; path = Locket.app; sourceTree = BUILT_PRODUCTS_DIR; };
		BFA783992CC0D94D005D4C14 /* LocketTests.xctest */ = {isa = PBXFileReference; explicitFileType = wrapper.cfbundle; includeInIndex = 0; path = LocketTests.xctest; sourceTree = BUILT_PRODUCTS_DIR; };
		BFA783A32CC0D94D005D4C14 /* LocketUITests.xctest */ = {isa = PBXFileReference; explicitFileType = wrapper.cfbundle; includeInIndex = 0; path = LocketUITests.xctest; sourceTree = BUILT_PRODUCTS_DIR; };
		BFA783BA2CC0D9DE005D4C14 /* LocketWidgetExtension.appex */ = {isa = PBXFileReference; explicitFileType = "wrapper.app-extension"; includeInIndex = 0; path = LocketWidgetExtension.appex; sourceTree = BUILT_PRODUCTS_DIR; };
		BFA783BC2CC0D9DE005D4C14 /* WidgetKit.framework */ = {isa = PBXFileReference; lastKnownFileType = wrapper.framework; name = WidgetKit.framework; path = System/Library/Frameworks/WidgetKit.framework; sourceTree = SDKROOT; };
		BFA783BE2CC0D9DE005D4C14 /* SwiftUI.framework */ = {isa = PBXFileReference; lastKnownFileType = wrapper.framework; name = SwiftUI.framework; path = System/Library/Frameworks/SwiftUI.framework; sourceTree = SDKROOT; };
/* End PBXFileReference section */

/* Begin PBXFileSystemSynchronizedBuildFileExceptionSet section */
		BFA783CD2CC0D9E1005D4C14 /* Exceptions for "LocketWidget" folder in "LocketWidgetExtension" target */ = {
			isa = PBXFileSystemSynchronizedBuildFileExceptionSet;
			membershipExceptions = (
				Info.plist,
			);
			target = BFA783B92CC0D9DE005D4C14 /* LocketWidgetExtension */;
		};
/* End PBXFileSystemSynchronizedBuildFileExceptionSet section */

/* Begin PBXFileSystemSynchronizedRootGroup section */
		BFA783892CC0D94A005D4C14 /* Locket */ = {
			isa = PBXFileSystemSynchronizedRootGroup;
			path = Locket;
			sourceTree = "<group>";
		};
		BFA7839C2CC0D94D005D4C14 /* LocketTests */ = {
			isa = PBXFileSystemSynchronizedRootGroup;
			path = LocketTests;
			sourceTree = "<group>";
		};
		BFA783A62CC0D94D005D4C14 /* LocketUITests */ = {
			isa = PBXFileSystemSynchronizedRootGroup;
			path = LocketUITests;
			sourceTree = "<group>";
		};
		BFA783C02CC0D9DE005D4C14 /* LocketWidget */ = {
			isa = PBXFileSystemSynchronizedRootGroup;
			exceptions = (
				BFA783CD2CC0D9E1005D4C14 /* Exceptions for "LocketWidget" folder in "LocketWidgetExtension" target */,
			);
			path = LocketWidget;
			sourceTree = "<group>";
		};
/* End PBXFileSystemSynchronizedRootGroup section */

/* Begin PBXFrameworksBuildPhase section */
		BFA783842CC0D94A005D4C14 /* Frameworks */ = {
			isa = PBXFrameworksBuildPhase;
			buildActionMask = 2147483647;
			files = (
			);
			runOnlyForDeploymentPostprocessing = 0;
		};
		BFA783962CC0D94D005D4C14 /* Frameworks */ = {
			isa = PBXFrameworksBuildPhase;
			buildActionMask = 2147483647;
			files = (
			);
			runOnlyForDeploymentPostprocessing = 0;
		};
		BFA783A02CC0D94D005D4C14 /* Frameworks */ = {
			isa = PBXFrameworksBuildPhase;
			buildActionMask = 2147483647;
			files = (
			);
			runOnlyForDeploymentPostprocessing = 0;
		};
		BFA783B72CC0D9DE005D4C14 /* Frameworks */ = {
			isa = PBXFrameworksBuildPhase;
			buildActionMask = 2147483647;
			files = (
				BFA783BF2CC0D9DE005D4C14 /* SwiftUI.framework in Frameworks */,
				BFA783BD2CC0D9DE005D4C14 /* WidgetKit.framework in Frameworks */,
			);
			runOnlyForDeploymentPostprocessing = 0;
		};
/* End PBXFrameworksBuildPhase section */

/* Begin PBXGroup section */
		BFA7837E2CC0D949005D4C14 = {
			isa = PBXGroup;
			children = (
				BFA783892CC0D94A005D4C14 /* Locket */,
				BFA7839C2CC0D94D005D4C14 /* LocketTests */,
				BFA783A62CC0D94D005D4C14 /* LocketUITests */,
				BFA783C02CC0D9DE005D4C14 /* LocketWidget */,
				BFA783BB2CC0D9DE005D4C14 /* Frameworks */,
				BFA783882CC0D94A005D4C14 /* Products */,
			);
			sourceTree = "<group>";
		};
		BFA783882CC0D94A005D4C14 /* Products */ = {
			isa = PBXGroup;
			children = (
				BFA783872CC0D94A005D4C14 /* Locket.app */,
				BFA783992CC0D94D005D4C14 /* LocketTests.xctest */,
				BFA783A32CC0D94D005D4C14 /* LocketUITests.xctest */,
				BFA783BA2CC0D9DE005D4C14 /* LocketWidgetExtension.appex */,
			);
			name = Products;
			sourceTree = "<group>";
		};
		BFA783BB2CC0D9DE005D4C14 /* Frameworks */ = {
			isa = PBXGroup;
			children = (
				BFA783BC2CC0D9DE005D4C14 /* WidgetKit.framework */,
				BFA783BE2CC0D9DE005D4C14 /* SwiftUI.framework */,
			);
			name = Frameworks;
			sourceTree = "<group>";
		};
/* End PBXGroup section */

/* Begin PBXNativeTarget section */
		BFA783862CC0D94A005D4C14 /* Locket */ = {
			isa = PBXNativeTarget;
			buildConfigurationList = BFA783AD2CC0D94D005D4C14 /* Build configuration list for PBXNativeTarget "Locket" */;
			buildPhases = (
				BFA783832CC0D94A005D4C14 /* Sources */,
				BFA783842CC0D94A005D4C14 /* Frameworks */,
				BFA783852CC0D94A005D4C14 /* Resources */,
				BFA783D12CC0D9E1005D4C14 /* Embed Foundation Extensions */,
			);
			buildRules = (
			);
			dependencies = (
				BFA783CB2CC0D9E1005D4C14 /* PBXTargetDependency */,
			);
			fileSystemSynchronizedGroups = (
				BFA783892CC0D94A005D4C14 /* Locket */,
			);
			name = Locket;
			packageProductDependencies = (
			);
			productName = Locket;
			productReference = BFA783872CC0D94A005D4C14 /* Locket.app */;
			productType = "com.apple.product-type.application";
		};
		BFA783982CC0D94D005D4C14 /* LocketTests */ = {
			isa = PBXNativeTarget;
			buildConfigurationList = BFA783B02CC0D94D005D4C14 /* Build configuration list for PBXNativeTarget "LocketTests" */;
			buildPhases = (
				BFA783952CC0D94D005D4C14 /* Sources */,
				BFA783962CC0D94D005D4C14 /* Frameworks */,
				BFA783972CC0D94D005D4C14 /* Resources */,
			);
			buildRules = (
			);
			dependencies = (
				BFA7839B2CC0D94D005D4C14 /* PBXTargetDependency */,
			);
			fileSystemSynchronizedGroups = (
				BFA7839C2CC0D94D005D4C14 /* LocketTests */,
			);
			name = LocketTests;
			packageProductDependencies = (
			);
			productName = LocketTests;
			productReference = BFA783992CC0D94D005D4C14 /* LocketTests.xctest */;
			productType = "com.apple.product-type.bundle.unit-test";
		};
		BFA783A22CC0D94D005D4C14 /* LocketUITests */ = {
			isa = PBXNativeTarget;
			buildConfigurationList = BFA783B32CC0D94D005D4C14 /* Build configuration list for PBXNativeTarget "LocketUITests" */;
			buildPhases = (
				BFA7839F2CC0D94D005D4C14 /* Sources */,
				BFA783A02CC0D94D005D4C14 /* Frameworks */,
				BFA783A12CC0D94D005D4C14 /* Resources */,
			);
			buildRules = (
			);
			dependencies = (
				BFA783A52CC0D94D005D4C14 /* PBXTargetDependency */,
			);
			fileSystemSynchronizedGroups = (
				BFA783A62CC0D94D005D4C14 /* LocketUITests */,
			);
			name = LocketUITests;
			packageProductDependencies = (
			);
			productName = LocketUITests;
			productReference = BFA783A32CC0D94D005D4C14 /* LocketUITests.xctest */;
			productType = "com.apple.product-type.bundle.ui-testing";
		};
		BFA783B92CC0D9DE005D4C14 /* LocketWidgetExtension */ = {
			isa = PBXNativeTarget;
			buildConfigurationList = BFA783CE2CC0D9E1005D4C14 /* Build configuration list for PBXNativeTarget "LocketWidgetExtension" */;
			buildPhases = (
				BFA783B62CC0D9DE005D4C14 /* Sources */,
				BFA783B72CC0D9DE005D4C14 /* Frameworks */,
				BFA783B82CC0D9DE005D4C14 /* Resources */,
			);
			buildRules = (
			);
			dependencies = (
			);
			fileSystemSynchronizedGroups = (
				BFA783C02CC0D9DE005D4C14 /* LocketWidget */,
			);
			name = LocketWidgetExtension;
			packageProductDependencies = (
			);
			productName = LocketWidgetExtension;
			productReference = BFA783BA2CC0D9DE005D4C14 /* LocketWidgetExtension.appex */;
			productType = "com.apple.product-type.app-extension";
		};
/* End PBXNativeTarget section */

/* Begin PBXProject section */
		BFA7837F2CC0D949005D4C14 /* Project object */ = {
			isa = PBXProject;
			attributes = {
				BuildIndependentTargetsInParallel = 1;
				LastSwiftUpdateCheck = 1600;
				LastUpgradeCheck = 1600;
				TargetAttributes = {
					BFA783862CC0D94A005D4C14 = {
						CreatedOnToolsVersion = 16.0;
					};
					BFA783982CC0D94D005D4C14 = {
						CreatedOnToolsVersion = 16.0;
						TestTargetID = BFA783862CC0D94A005D4C14;
					};
					BFA783A22CC0D94D005D4C14 = {
						CreatedOnToolsVersion = 16.0;
						TestTargetID = BFA783862CC0D94A005D4C14;
					};
					BFA783B92CC0D9DE005D4C14 = {
						CreatedOnToolsVersion = 16.0;
					};
				};
			};
			buildConfigurationList = BFA783822CC0D949005D4C14 /* Build configuration list for PBXProject "Locket" */;
			developmentRegion = en;
			hasScannedForEncodings = 0;
			knownRegions = (
				en,
				Base,
			);
			mainGroup = BFA7837E2CC0D949005D4C14;
			minimizedProjectReferenceProxies = 1;
			preferredProjectObjectVersion = 77;
			productRefGroup = BFA783882CC0D94A005D4C14 /* Products */;
			projectDirPath = "";
			projectRoot = "";
			targets = (
				BFA783862CC0D94A005D4C14 /* Locket */,
				BFA783982CC0D94D005D4C14 /* LocketTests */,
				BFA783A22CC0D94D005D4C14 /* LocketUITests */,
				BFA783B92CC0D9DE005D4C14 /* LocketWidgetExtension */,
			);
		};
/* End PBXProject section */

/* Begin PBXResourcesBuildPhase section */
		BFA783852CC0D94A005D4C14 /* Resources */ = {
			isa = PBXResourcesBuildPhase;
			buildActionMask = 2147483647;
			files = (
			);
			runOnlyForDeploymentPostprocessing = 0;
		};
		BFA783972CC0D94D005D4C14 /* Resources */ = {
			isa = PBXResourcesBuildPhase;
			buildActionMask = 2147483647;
			files = (
			);
			runOnlyForDeploymentPostprocessing = 0;
		};
		BFA783A12CC0D94D005D4C14 /* Resources */ = {
			isa = PBXResourcesBuildPhase;
			buildActionMask = 2147483647;
			files = (
			);
			runOnlyForDeploymentPostprocessing = 0;
		};
		BFA783B82CC0D9DE005D4C14 /* Resources */ = {
			isa = PBXResourcesBuildPhase;
			buildActionMask = 2147483647;
			files = (
			);
			runOnlyForDeploymentPostprocessing = 0;
		};
/* End PBXResourcesBuildPhase section */

/* Begin PBXSourcesBuildPhase section */
		BFA783832CC0D94A005D4C14 /* Sources */ = {
			isa = PBXSourcesBuildPhase;
			buildActionMask = 2147483647;
			files = (
			);
			runOnlyForDeploymentPostprocessing = 0;
		};
		BFA783952CC0D94D005D4C14 /* Sources */ = {
			isa = PBXSourcesBuildPhase;
			buildActionMask = 2147483647;
			files = (
			);
			runOnlyForDeploymentPostprocessing = 0;
		};
		BFA7839F2CC0D94D005D4C14 /* Sources */ = {
			isa = PBXSourcesBuildPhase;
			buildActionMask = 2147483647;
			files = (
			);
			runOnlyForDeploymentPostprocessing = 0;
		};
		BFA783B62CC0D9DE005D4C14 /* Sources */ = {
			isa = PBXSourcesBuildPhase;
			buildActionMask = 2147483647;
			files = (
			);
			runOnlyForDeploymentPostprocessing = 0;
		};
/* End PBXSourcesBuildPhase section */

/* Begin PBXTargetDependency section */
		BFA7839B2CC0D94D005D4C14 /* PBXTargetDependency */ = {
			isa = PBXTargetDependency;
			target = BFA783862CC0D94A005D4C14 /* Locket */;
			targetProxy = BFA7839A2CC0D94D005D4C14 /* PBXContainerItemProxy */;
		};
		BFA783A52CC0D94D005D4C14 /* PBXTargetDependency */ = {
			isa = PBXTargetDependency;
			target = BFA783862CC0D94A005D4C14 /* Locket */;
			targetProxy = BFA783A42CC0D94D005D4C14 /* PBXContainerItemProxy */;
		};
		BFA783CB2CC0D9E1005D4C14 /* PBXTargetDependency */ = {
			isa = PBXTargetDependency;
			target = BFA783B92CC0D9DE005D4C14 /* LocketWidgetExtension */;
			targetProxy = BFA783CA2CC0D9E1005D4C14 /* PBXContainerItemProxy */;
		};
/* End PBXTargetDependency section */

/* Begin XCBuildConfiguration section */
		BFA783AB2CC0D94D005D4C14 /* Debug */ = {
			isa = XCBuildConfiguration;
			buildSettings = {
				ALWAYS_SEARCH_USER_PATHS = NO;
				ASSETCATALOG_COMPILER_GENERATE_SWIFT_ASSET_SYMBOL_EXTENSIONS = YES;
				CLANG_ANALYZER_NONNULL = YES;
				CLANG_ANALYZER_NUMBER_OBJECT_CONVERSION = YES_AGGRESSIVE;
				CLANG_CXX_LANGUAGE_STANDARD = "gnu++20";
				CLANG_ENABLE_MODULES = YES;
				CLANG_ENABLE_OBJC_ARC = YES;
				CLANG_ENABLE_OBJC_WEAK = YES;
				CLANG_WARN_BLOCK_CAPTURE_AUTORELEASING = YES;
				CLANG_WARN_BOOL_CONVERSION = YES;
				CLANG_WARN_COMMA = YES;
				CLANG_WARN_CONSTANT_CONVERSION = YES;
				CLANG_WARN_DEPRECATED_OBJC_IMPLEMENTATIONS = YES;
				CLANG_WARN_DIRECT_OBJC_ISA_USAGE = YES_ERROR;
				CLANG_WARN_DOCUMENTATION_COMMENTS = YES;
				CLANG_WARN_EMPTY_BODY = YES;
				CLANG_WARN_ENUM_CONVERSION = YES;
				CLANG_WARN_INFINITE_RECURSION = YES;
				CLANG_WARN_INT_CONVERSION = YES;
				CLANG_WARN_NON_LITERAL_NULL_CONVERSION = YES;
				CLANG_WARN_OBJC_IMPLICIT_RETAIN_SELF = YES;
				CLANG_WARN_OBJC_LITERAL_CONVERSION = YES;
				CLANG_WARN_OBJC_ROOT_CLASS = YES_ERROR;
				CLANG_WARN_QUOTED_INCLUDE_IN_FRAMEWORK_HEADER = YES;
				CLANG_WARN_RANGE_LOOP_ANALYSIS = YES;
				CLANG_WARN_STRICT_PROTOTYPES = YES;
				CLANG_WARN_SUSPICIOUS_MOVE = YES;
				CLANG_WARN_UNGUARDED_AVAILABILITY = YES_AGGRESSIVE;
				CLANG_WARN_UNREACHABLE_CODE = YES;
				CLANG_WARN__DUPLICATE_METHOD_MATCH = YES;
				COPY_PHASE_STRIP = NO;
				DEBUG_INFORMATION_FORMAT = dwarf;
				ENABLE_STRICT_OBJC_MSGSEND = YES;
				ENABLE_TESTABILITY = YES;
				ENABLE_USER_SCRIPT_SANDBOXING = YES;
				GCC_C_LANGUAGE_STANDARD = gnu17;
				GCC_DYNAMIC_NO_PIC = NO;
				GCC_NO_COMMON_BLOCKS = YES;
				GCC_OPTIMIZATION_LEVEL = 0;
				GCC_PREPROCESSOR_DEFINITIONS = (
					"DEBUG=1",
					"$(inherited)",
				);
				GCC_WARN_64_TO_32_BIT_CONVERSION = YES;
				GCC_WARN_ABOUT_RETURN_TYPE = YES_ERROR;
				GCC_WARN_UNDECLARED_SELECTOR = YES;
				GCC_WARN_UNINITIALIZED_AUTOS = YES_AGGRESSIVE;
				GCC_WARN_UNUSED_FUNCTION = YES;
				GCC_WARN_UNUSED_VARIABLE = YES;
				IPHONEOS_DEPLOYMENT_TARGET = 18.0;
				LOCALIZATION_PREFERS_STRING_CATALOGS = YES;
				MTL_ENABLE_DEBUG_INFO = INCLUDE_SOURCE;
				MTL_FAST_MATH = YES;
				ONLY_ACTIVE_ARCH = YES;
				SDKROOT = iphoneos;
				SWIFT_ACTIVE_COMPILATION_CONDITIONS = "DEBUG $(inherited)";
				SWIFT_OPTIMIZATION_LEVEL = "-Onone";
			};
			name = Debug;
		};
		BFA783AC2CC0D94D005D4C14 /* Release */ = {
			isa = XCBuildConfiguration;
			buildSettings = {
				ALWAYS_SEARCH_USER_PATHS = NO;
				ASSETCATALOG_COMPILER_GENERATE_SWIFT_ASSET_SYMBOL_EXTENSIONS = YES;
				CLANG_ANALYZER_NONNULL = YES;
				CLANG_ANALYZER_NUMBER_OBJECT_CONVERSION = YES_AGGRESSIVE;
				CLANG_CXX_LANGUAGE_STANDARD = "gnu++20";
				CLANG_ENABLE_MODULES = YES;
				CLANG_ENABLE_OBJC_ARC = YES;
				CLANG_ENABLE_OBJC_WEAK = YES;
				CLANG_WARN_BLOCK_CAPTURE_AUTORELEASING = YES;
				CLANG_WARN_BOOL_CONVERSION = YES;
				CLANG_WARN_COMMA = YES;
				CLANG_WARN_CONSTANT_CONVERSION = YES;
				CLANG_WARN_DEPRECATED_OBJC_IMPLEMENTATIONS = YES;
				CLANG_WARN_DIRECT_OBJC_ISA_USAGE = YES_ERROR;
				CLANG_WARN_DOCUMENTATION_COMMENTS = YES;
				CLANG_WARN_EMPTY_BODY = YES;
				CLANG_WARN_ENUM_CONVERSION = YES;
				CLANG_WARN_INFINITE_RECURSION = YES;
				CLANG_WARN_INT_CONVERSION = YES;
				CLANG_WARN_NON_LITERAL_NULL_CONVERSION = YES;
				CLANG_WARN_OBJC_IMPLICIT_RETAIN_SELF = YES;
				CLANG_WARN_OBJC_LITERAL_CONVERSION = YES;
				CLANG_WARN_OBJC_ROOT_CLASS = YES_ERROR;
				CLANG_WARN_QUOTED_INCLUDE_IN_FRAMEWORK_HEADER = YES;
				CLANG_WARN_RANGE_LOOP_ANALYSIS = YES;
				CLANG_WARN_STRICT_PROTOTYPES = YES;
				CLANG_WARN_SUSPICIOUS_MOVE = YES;
				CLANG_WARN_UNGUARDED_AVAILABILITY = YES_AGGRESSIVE;
				CLANG_WARN_UNREACHABLE_CODE = YES;
				CLANG_WARN__DUPLICATE_METHOD_MATCH = YES;
				COPY_PHASE_STRIP = NO;
				DEBUG_INFORMATION_FORMAT = "dwarf-with-dsym";
				ENABLE_NS_ASSERTIONS = NO;
				ENABLE_STRICT_OBJC_MSGSEND = YES;
				ENABLE_USER_SCRIPT_SANDBOXING = YES;
				GCC_C_LANGUAGE_STANDARD = gnu17;
				GCC_NO_COMMON_BLOCKS = YES;
				GCC_WARN_64_TO_32_BIT_CONVERSION = YES;
				GCC_WARN_ABOUT_RETURN_TYPE = YES_ERROR;
				GCC_WARN_UNDECLARED_SELECTOR = YES;
				GCC_WARN_UNINITIALIZED_AUTOS = YES_AGGRESSIVE;
				GCC_WARN_UNUSED_FUNCTION = YES;
				GCC_WARN_UNUSED_VARIABLE = YES;
				IPHONEOS_DEPLOYMENT_TARGET = 18.0;
				LOCALIZATION_PREFERS_STRING_CATALOGS = YES;
				MTL_ENABLE_DEBUG_INFO = NO;
				MTL_FAST_MATH = YES;
				SDKROOT = iphoneos;
				SWIFT_COMPILATION_MODE = wholemodule;
				VALIDATE_PRODUCT = YES;
			};
			name = Release;
		};
		BFA783AE2CC0D94D005D4C14 /* Debug */ = {
			isa = XCBuildConfiguration;
			buildSettings = {
				ASSETCATALOG_COMPILER_APPICON_NAME = AppIcon;
				ASSETCATALOG_COMPILER_GLOBAL_ACCENT_COLOR_NAME = AccentColor;
				CODE_SIGN_STYLE = Automatic;
				CURRENT_PROJECT_VERSION = 1;
				DEVELOPMENT_ASSET_PATHS = "\"Locket/Preview Content\"";
				DEVELOPMENT_TEAM = 62QTRFNKCW;
				ENABLE_PREVIEWS = YES;
				GENERATE_INFOPLIST_FILE = YES;
				INFOPLIST_KEY_UIApplicationSceneManifest_Generation = YES;
				INFOPLIST_KEY_UIApplicationSupportsIndirectInputEvents = YES;
				INFOPLIST_KEY_UILaunchScreen_Generation = YES;
				INFOPLIST_KEY_UISupportedInterfaceOrientations_iPad = "UIInterfaceOrientationPortrait UIInterfaceOrientationPortraitUpsideDown UIInterfaceOrientationLandscapeLeft UIInterfaceOrientationLandscapeRight";
				INFOPLIST_KEY_UISupportedInterfaceOrientations_iPhone = "UIInterfaceOrientationPortrait UIInterfaceOrientationLandscapeLeft UIInterfaceOrientationLandscapeRight";
				LD_RUNPATH_SEARCH_PATHS = (
					"$(inherited)",
					"@executable_path/Frameworks",
				);
				MARKETING_VERSION = 1.0;
				PRODUCT_BUNDLE_IDENTIFIER = jimmy.Locket;
				PRODUCT_NAME = "$(TARGET_NAME)";
				SWIFT_EMIT_LOC_STRINGS = YES;
				SWIFT_VERSION = 5.0;
				TARGETED_DEVICE_FAMILY = "1,2";
			};
			name = Debug;
		};
		BFA783AF2CC0D94D005D4C14 /* Release */ = {
			isa = XCBuildConfiguration;
			buildSettings = {
				ASSETCATALOG_COMPILER_APPICON_NAME = AppIcon;
				ASSETCATALOG_COMPILER_GLOBAL_ACCENT_COLOR_NAME = AccentColor;
				CODE_SIGN_STYLE = Automatic;
				CURRENT_PROJECT_VERSION = 1;
				DEVELOPMENT_ASSET_PATHS = "\"Locket/Preview Content\"";
				DEVELOPMENT_TEAM = 62QTRFNKCW;
				ENABLE_PREVIEWS = YES;
				GENERATE_INFOPLIST_FILE = YES;
				INFOPLIST_KEY_UIApplicationSceneManifest_Generation = YES;
				INFOPLIST_KEY_UIApplicationSupportsIndirectInputEvents = YES;
				INFOPLIST_KEY_UILaunchScreen_Generation = YES;
				INFOPLIST_KEY_UISupportedInterfaceOrientations_iPad = "UIInterfaceOrientationPortrait UIInterfaceOrientationPortraitUpsideDown UIInterfaceOrientationLandscapeLeft UIInterfaceOrientationLandscapeRight";
				INFOPLIST_KEY_UISupportedInterfaceOrientations_iPhone = "UIInterfaceOrientationPortrait UIInterfaceOrientationLandscapeLeft UIInterfaceOrientationLandscapeRight";
				LD_RUNPATH_SEARCH_PATHS = (
					"$(inherited)",
					"@executable_path/Frameworks",
				);
				MARKETING_VERSION = 1.0;
				PRODUCT_BUNDLE_IDENTIFIER = jimmy.Locket;
				PRODUCT_NAME = "$(TARGET_NAME)";
				SWIFT_EMIT_LOC_STRINGS = YES;
				SWIFT_VERSION = 5.0;
				TARGETED_DEVICE_FAMILY = "1,2";
			};
			name = Release;
		};
		BFA783B12CC0D94D005D4C14 /* Debug */ = {
			isa = XCBuildConfiguration;
			buildSettings = {
				BUNDLE_LOADER = "$(TEST_HOST)";
				CODE_SIGN_STYLE = Automatic;
				CURRENT_PROJECT_VERSION = 1;
				DEVELOPMENT_TEAM = 62QTRFNKCW;
				GENERATE_INFOPLIST_FILE = YES;
				IPHONEOS_DEPLOYMENT_TARGET = 18.0;
				MARKETING_VERSION = 1.0;
				PRODUCT_BUNDLE_IDENTIFIER = jimmy.LocketTests;
				PRODUCT_NAME = "$(TARGET_NAME)";
				SWIFT_EMIT_LOC_STRINGS = NO;
				SWIFT_VERSION = 5.0;
				TARGETED_DEVICE_FAMILY = "1,2";
				TEST_HOST = "$(BUILT_PRODUCTS_DIR)/Locket.app/$(BUNDLE_EXECUTABLE_FOLDER_PATH)/Locket";
			};
			name = Debug;
		};
		BFA783B22CC0D94D005D4C14 /* Release */ = {
			isa = XCBuildConfiguration;
			buildSettings = {
				BUNDLE_LOADER = "$(TEST_HOST)";
				CODE_SIGN_STYLE = Automatic;
				CURRENT_PROJECT_VERSION = 1;
				DEVELOPMENT_TEAM = 62QTRFNKCW;
				GENERATE_INFOPLIST_FILE = YES;
				IPHONEOS_DEPLOYMENT_TARGET = 18.0;
				MARKETING_VERSION = 1.0;
				PRODUCT_BUNDLE_IDENTIFIER = jimmy.LocketTests;
				PRODUCT_NAME = "$(TARGET_NAME)";
				SWIFT_EMIT_LOC_STRINGS = NO;
				SWIFT_VERSION = 5.0;
				TARGETED_DEVICE_FAMILY = "1,2";
				TEST_HOST = "$(BUILT_PRODUCTS_DIR)/Locket.app/$(BUNDLE_EXECUTABLE_FOLDER_PATH)/Locket";
			};
			name = Release;
		};
		BFA783B42CC0D94D005D4C14 /* Debug */ = {
			isa = XCBuildConfiguration;
			buildSettings = {
				CODE_SIGN_STYLE = Automatic;
				CURRENT_PROJECT_VERSION = 1;
				DEVELOPMENT_TEAM = 62QTRFNKCW;
				GENERATE_INFOPLIST_FILE = YES;
				MARKETING_VERSION = 1.0;
				PRODUCT_BUNDLE_IDENTIFIER = jimmy.LocketUITests;
				PRODUCT_NAME = "$(TARGET_NAME)";
				SWIFT_EMIT_LOC_STRINGS = NO;
				SWIFT_VERSION = 5.0;
				TARGETED_DEVICE_FAMILY = "1,2";
				TEST_TARGET_NAME = Locket;
			};
			name = Debug;
		};
		BFA783B52CC0D94D005D4C14 /* Release */ = {
			isa = XCBuildConfiguration;
			buildSettings = {
				CODE_SIGN_STYLE = Automatic;
				CURRENT_PROJECT_VERSION = 1;
				DEVELOPMENT_TEAM = 62QTRFNKCW;
				GENERATE_INFOPLIST_FILE = YES;
				MARKETING_VERSION = 1.0;
				PRODUCT_BUNDLE_IDENTIFIER = jimmy.LocketUITests;
				PRODUCT_NAME = "$(TARGET_NAME)";
				SWIFT_EMIT_LOC_STRINGS = NO;
				SWIFT_VERSION = 5.0;
				TARGETED_DEVICE_FAMILY = "1,2";
				TEST_TARGET_NAME = Locket;
			};
			name = Release;
		};
		BFA783CF2CC0D9E1005D4C14 /* Debug */ = {
			isa = XCBuildConfiguration;
			buildSettings = {
				ASSETCATALOG_COMPILER_GLOBAL_ACCENT_COLOR_NAME = AccentColor;
				ASSETCATALOG_COMPILER_WIDGET_BACKGROUND_COLOR_NAME = WidgetBackground;
				CODE_SIGN_STYLE = Automatic;
				CURRENT_PROJECT_VERSION = 1;
				DEVELOPMENT_TEAM = 62QTRFNKCW;
				GENERATE_INFOPLIST_FILE = YES;
				INFOPLIST_FILE = LocketWidget/Info.plist;
				INFOPLIST_KEY_CFBundleDisplayName = LocketWidget;
				INFOPLIST_KEY_NSHumanReadableCopyright = "";
				LD_RUNPATH_SEARCH_PATHS = (
					"$(inherited)",
					"@executable_path/Frameworks",
					"@executable_path/../../Frameworks",
				);
				MARKETING_VERSION = 1.0;
				PRODUCT_BUNDLE_IDENTIFIER = jimmy.Locket.LocketWidget;
				PRODUCT_NAME = "$(TARGET_NAME)";
				SKIP_INSTALL = YES;
				SWIFT_EMIT_LOC_STRINGS = YES;
				SWIFT_VERSION = 5.0;
				TARGETED_DEVICE_FAMILY = "1,2";
			};
			name = Debug;
		};
		BFA783D02CC0D9E1005D4C14 /* Release */ = {
			isa = XCBuildConfiguration;
			buildSettings = {
				ASSETCATALOG_COMPILER_GLOBAL_ACCENT_COLOR_NAME = AccentColor;
				ASSETCATALOG_COMPILER_WIDGET_BACKGROUND_COLOR_NAME = WidgetBackground;
				CODE_SIGN_STYLE = Automatic;
				CURRENT_PROJECT_VERSION = 1;
				DEVELOPMENT_TEAM = 62QTRFNKCW;
				GENERATE_INFOPLIST_FILE = YES;
				INFOPLIST_FILE = LocketWidget/Info.plist;
				INFOPLIST_KEY_CFBundleDisplayName = LocketWidget;
				INFOPLIST_KEY_NSHumanReadableCopyright = "";
				LD_RUNPATH_SEARCH_PATHS = (
					"$(inherited)",
					"@executable_path/Frameworks",
					"@executable_path/../../Frameworks",
				);
				MARKETING_VERSION = 1.0;
				PRODUCT_BUNDLE_IDENTIFIER = jimmy.Locket.LocketWidget;
				PRODUCT_NAME = "$(TARGET_NAME)";
				SKIP_INSTALL = YES;
				SWIFT_EMIT_LOC_STRINGS = YES;
				SWIFT_VERSION = 5.0;
				TARGETED_DEVICE_FAMILY = "1,2";
			};
			name = Release;
		};
/* End XCBuildConfiguration section */

/* Begin XCConfigurationList section */
		BFA783822CC0D949005D4C14 /* Build configuration list for PBXProject "Locket" */ = {
			isa = XCConfigurationList;
			buildConfigurations = (
				BFA783AB2CC0D94D005D4C14 /* Debug */,
				BFA783AC2CC0D94D005D4C14 /* Release */,
			);
			defaultConfigurationIsVisible = 0;
			defaultConfigurationName = Release;
		};
		BFA783AD2CC0D94D005D4C14 /* Build configuration list for PBXNativeTarget "Locket" */ = {
			isa = XCConfigurationList;
			buildConfigurations = (
				BFA783AE2CC0D94D005D4C14 /* Debug */,
				BFA783AF2CC0D94D005D4C14 /* Release */,
			);
			defaultConfigurationIsVisible = 0;
			defaultConfigurationName = Release;
		};
		BFA783B02CC0D94D005D4C14 /* Build configuration list for PBXNativeTarget "LocketTests" */ = {
			isa = XCConfigurationList;
			buildConfigurations = (
				BFA783B12CC0D94D005D4C14 /* Debug */,
				BFA783B22CC0D94D005D4C14 /* Release */,
			);
			defaultConfigurationIsVisible = 0;
			defaultConfigurationName = Release;
		};
		BFA783B32CC0D94D005D4C14 /* Build configuration list for PBXNativeTarget "LocketUITests" */ = {
			isa = XCConfigurationList;
			buildConfigurations = (
				BFA783B42CC0D94D005D4C14 /* Debug */,
				BFA783B52CC0D94D005D4C14 /* Release */,
			);
			defaultConfigurationIsVisible = 0;
			defaultConfigurationName = Release;
		};
		BFA783CE2CC0D9E1005D4C14 /* Build configuration list for PBXNativeTarget "LocketWidgetExtension" */ = {
			isa = XCConfigurationList;
			buildConfigurations = (
				BFA783CF2CC0D9E1005D4C14 /* Debug */,
				BFA783D02CC0D9E1005D4C14 /* Release */,
			);
			defaultConfigurationIsVisible = 0;
			defaultConfigurationName = Release;
		};
/* End XCConfigurationList section */
	};
	rootObject = BFA7837F2CC0D949005D4C14 /* Project object */;
}
